
Microsoft Visual Studio Solution File, Format Version 12.00
# Visual Studio Version 16
VisualStudioVersion = 16.0.30114.105
MinimumVisualStudioVersion = 10.0.40219.1
Project("{FAE04EC0-301F-11D3-BF4B-00C04F79EFBC}") = "API", "API\API.csproj", "{8080A663-6905-4E00-ADFE-496945DBE493}"
EndProject
Project("{FAE04EC0-301F-11D3-BF4B-00C04F79EFBC}") = "Core", "Core\Core.csproj", "{B9BAD145-74AA-45DC-9EF9-3DF2A5CF8F1C}"
EndProject
Project("{FAE04EC0-301F-11D3-BF4B-00C04F79EFBC}") = "Infrastructure", "Infrastructure\Infrastructure.csproj", "{AFF195BE-6685-4212-A15A-12FD38BFC037}"
EndProject
Global
	GlobalSection(SolutionConfigurationPlatforms) = preSolution
		Debug|Any CPU = Debug|Any CPU
		Debug|x64 = Debug|x64
		Debug|x86 = Debug|x86
		Release|Any CPU = Release|Any CPU
		Release|x64 = Release|x64
		Release|x86 = Release|x86
	EndGlobalSection
	GlobalSection(SolutionProperties) = preSolution
		HideSolutionNode = FALSE
	EndGlobalSection
	GlobalSection(ProjectConfigurationPlatforms) = postSolution
		{8080A663-6905-4E00-ADFE-496945DBE493}.Debug|Any CPU.ActiveCfg = Debug|Any CPU
		{8080A663-6905-4E00-ADFE-496945DBE493}.Debug|Any CPU.Build.0 = Debug|Any CPU
		{8080A663-6905-4E00-ADFE-496945DBE493}.Debug|x64.ActiveCfg = Debug|Any CPU
		{8080A663-6905-4E00-ADFE-496945DBE493}.Debug|x64.Build.0 = Debug|Any CPU
		{8080A663-6905-4E00-ADFE-496945DBE493}.Debug|x86.ActiveCfg = Debug|Any CPU
		{8080A663-6905-4E00-ADFE-496945DBE493}.Debug|x86.Build.0 = Debug|Any CPU
		{8080A663-6905-4E00-ADFE-496945DBE493}.Release|Any CPU.ActiveCfg = Release|Any CPU
		{8080A663-6905-4E00-ADFE-496945DBE493}.Release|Any CPU.Build.0 = Release|Any CPU
		{8080A663-6905-4E00-ADFE-496945DBE493}.Release|x64.ActiveCfg = Release|Any CPU
		{8080A663-6905-4E00-ADFE-496945DBE493}.Release|x64.Build.0 = Release|Any CPU
		{8080A663-6905-4E00-ADFE-496945DBE493}.Release|x86.ActiveCfg = Release|Any CPU
		{8080A663-6905-4E00-ADFE-496945DBE493}.Release|x86.Build.0 = Release|Any CPU
		{B9BAD145-74AA-45DC-9EF9-3DF2A5CF8F1C}.Debug|Any CPU.ActiveCfg = Debug|Any CPU
		{B9BAD145-74AA-45DC-9EF9-3DF2A5CF8F1C}.Debug|Any CPU.Build.0 = Debug|Any CPU
		{B9BAD145-74AA-45DC-9EF9-3DF2A5CF8F1C}.Debug|x64.ActiveCfg = Debug|Any CPU
		{B9BAD145-74AA-45DC-9EF9-3DF2A5CF8F1C}.Debug|x64.Build.0 = Debug|Any CPU
		{B9BAD145-74AA-45DC-9EF9-3DF2A5CF8F1C}.Debug|x86.ActiveCfg = Debug|Any CPU
		{B9BAD145-74AA-45DC-9EF9-3DF2A5CF8F1C}.Debug|x86.Build.0 = Debug|Any CPU
		{B9BAD145-74AA-45DC-9EF9-3DF2A5CF8F1C}.Release|Any CPU.ActiveCfg = Release|Any CPU
		{B9BAD145-74AA-45DC-9EF9-3DF2A5CF8F1C}.Release|Any CPU.Build.0 = Release|Any CPU
		{B9BAD145-74AA-45DC-9EF9-3DF2A5CF8F1C}.Release|x64.ActiveCfg = Release|Any CPU
		{B9BAD145-74AA-45DC-9EF9-3DF2A5CF8F1C}.Release|x64.Build.0 = Release|Any CPU
		{B9BAD145-74AA-45DC-9EF9-3DF2A5CF8F1C}.Release|x86.ActiveCfg = Release|Any CPU
		{B9BAD145-74AA-45DC-9EF9-3DF2A5CF8F1C}.Release|x86.Build.0 = Release|Any CPU
		{AFF195BE-6685-4212-A15A-12FD38BFC037}.Debug|Any CPU.ActiveCfg = Debug|Any CPU
		{AFF195BE-6685-4212-A15A-12FD38BFC037}.Debug|Any CPU.Build.0 = Debug|Any CPU
		{AFF195BE-6685-4212-A15A-12FD38BFC037}.Debug|x64.ActiveCfg = Debug|Any CPU
		{AFF195BE-6685-4212-A15A-12FD38BFC037}.Debug|x64.Build.0 = Debug|Any CPU
		{AFF195BE-6685-4212-A15A-12FD38BFC037}.Debug|x86.ActiveCfg = Debug|Any CPU
		{AFF195BE-6685-4212-A15A-12FD38BFC037}.Debug|x86.Build.0 = Debug|Any CPU
		{AFF195BE-6685-4212-A15A-12FD38BFC037}.Release|Any CPU.ActiveCfg = Release|Any CPU
		{AFF195BE-6685-4212-A15A-12FD38BFC037}.Release|Any CPU.Build.0 = Release|Any CPU
		{AFF195BE-6685-4212-A15A-12FD38BFC037}.Release|x64.ActiveCfg = Release|Any CPU
		{AFF195BE-6685-4212-A15A-12FD38BFC037}.Release|x64.Build.0 = Release|Any CPU
		{AFF195BE-6685-4212-A15A-12FD38BFC037}.Release|x86.ActiveCfg = Release|Any CPU
		{AFF195BE-6685-4212-A15A-12FD38BFC037}.Release|x86.Build.0 = Release|Any CPU
	EndGlobalSection
EndGlobal
